// !$*UTF8*$!
{
	archiveVersion = 1;
	classes = {
	};
	objectVersion = 46;
	objects = {

/* Begin PBXBuildFile section */
		C76CC63A1DA722FF005436A2 /* AppDelegate.swift in Sources */ = {isa = PBXBuildFile; fileRef = C76CC6391DA722FF005436A2 /* AppDelegate.swift */; };
		C76CC63C1DA722FF005436A2 /* ViewController.swift in Sources */ = {isa = PBXBuildFile; fileRef = C76CC63B1DA722FF005436A2 /* ViewController.swift */; };
		C76CC63F1DA722FF005436A2 /* Main.storyboard in Resources */ = {isa = PBXBuildFile; fileRef = C76CC63D1DA722FF005436A2 /* Main.storyboard */; };
		C76CC6411DA722FF005436A2 /* Assets.xcassets in Resources */ = {isa = PBXBuildFile; fileRef = C76CC6401DA722FF005436A2 /* Assets.xcassets */; };
		C76CC6441DA722FF005436A2 /* LaunchScreen.storyboard in Resources */ = {isa = PBXBuildFile; fileRef = C76CC6421DA722FF005436A2 /* LaunchScreen.storyboard */; };
		C76CC64F1DA722FF005436A2 /* simple_calcTests.swift in Sources */ = {isa = PBXBuildFile; fileRef = C76CC64E1DA722FF005436A2 /* simple_calcTests.swift */; };
		C76CC65A1DA722FF005436A2 /* simple_calcUITests.swift in Sources */ = {isa = PBXBuildFile; fileRef = C76CC6591DA722FF005436A2 /* simple_calcUITests.swift */; };
/* End PBXBuildFile section */

/* Begin PBXContainerItemProxy section */
		C76CC64B1DA722FF005436A2 /* PBXContainerItemProxy */ = {
			isa = PBXContainerItemProxy;
			containerPortal = C76CC62E1DA722FE005436A2 /* Project object */;
			proxyType = 1;
			remoteGlobalIDString = C76CC6351DA722FE005436A2;
			remoteInfo = "simple-calc";
		};
		C76CC6561DA722FF005436A2 /* PBXContainerItemProxy */ = {
			isa = PBXContainerItemProxy;
			containerPortal = C76CC62E1DA722FE005436A2 /* Project object */;
			proxyType = 1;
			remoteGlobalIDString = C76CC6351DA722FE005436A2;
			remoteInfo = "simple-calc";
		};
/* End PBXContainerItemProxy section */

/* Begin PBXFileReference section */
		C76CC6361DA722FF005436A2 /* simple-calc.app */ = {isa = PBXFileReference; explicitFileType = wrapper.application; includeInIndex = 0; path = "simple-calc.app"; sourceTree = BUILT_PRODUCTS_DIR; };
		C76CC6391DA722FF005436A2 /* AppDelegate.swift */ = {isa = PBXFileReference; lastKnownFileType = sourcecode.swift; path = AppDelegate.swift; sourceTree = "<group>"; };
		C76CC63B1DA722FF005436A2 /* ViewController.swift */ = {isa = PBXFileReference; lastKnownFileType = sourcecode.swift; path = ViewController.swift; sourceTree = "<group>"; };
		C76CC63E1DA722FF005436A2 /* Base */ = {isa = PBXFileReference; lastKnownFileType = file.storyboard; name = Base; path = Base.lproj/Main.storyboard; sourceTree = "<group>"; };
		C76CC6401DA722FF005436A2 /* Assets.xcassets */ = {isa = PBXFileReference; lastKnownFileType = folder.assetcatalog; path = Assets.xcassets; sourceTree = "<group>"; };
		C76CC6431DA722FF005436A2 /* Base */ = {isa = PBXFileReference; lastKnownFileType = file.storyboard; name = Base; path = Base.lproj/LaunchScreen.storyboard; sourceTree = "<group>"; };
		C76CC6451DA722FF005436A2 /* Info.plist */ = {isa = PBXFileReference; lastKnownFileType = text.plist.xml; path = Info.plist; sourceTree = "<group>"; };
		C76CC64A1DA722FF005436A2 /* simple-calcTests.xctest */ = {isa = PBXFileReference; explicitFileType = wrapper.cfbundle; includeInIndex = 0; path = "simple-calcTests.xctest"; sourceTree = BUILT_PRODUCTS_DIR; };
		C76CC64E1DA722FF005436A2 /* simple_calcTests.swift */ = {isa = PBXFileReference; lastKnownFileType = sourcecode.swift; path = simple_calcTests.swift; sourceTree = "<group>"; };
		C76CC6501DA722FF005436A2 /* Info.plist */ = {isa = PBXFileReference; lastKnownFileType = text.plist.xml; path = Info.plist; sourceTree = "<group>"; };
		C76CC6551DA722FF005436A2 /* simple-calcUITests.xctest */ = {isa = PBXFileReference; explicitFileType = wrapper.cfbundle; includeInIndex = 0; path = "simple-calcUITests.xctest"; sourceTree = BUILT_PRODUCTS_DIR; };
		C76CC6591DA722FF005436A2 /* simple_calcUITests.swift */ = {isa = PBXFileReference; lastKnownFileType = sourcecode.swift; path = simple_calcUITests.swift; sourceTree = "<group>"; };
		C76CC65B1DA722FF005436A2 /* Info.plist */ = {isa = PBXFileReference; lastKnownFileType = text.plist.xml; path = Info.plist; sourceTree = "<group>"; };
/* End PBXFileReference section */

/* Begin PBXFrameworksBuildPhase section */
		C76CC6331DA722FE005436A2 /* Frameworks */ = {
			isa = PBXFrameworksBuildPhase;
			buildActionMask = 2147483647;
			files = (
			);
			runOnlyForDeploymentPostprocessing = 0;
		};
		C76CC6471DA722FF005436A2 /* Frameworks */ = {
			isa = PBXFrameworksBuildPhase;
			buildActionMask = 2147483647;
			files = (
			);
			runOnlyForDeploymentPostprocessing = 0;
		};
		C76CC6521DA722FF005436A2 /* Frameworks */ = {
			isa = PBXFrameworksBuildPhase;
			buildActionMask = 2147483647;
			files = (
			);
			runOnlyForDeploymentPostprocessing = 0;
		};
/* End PBXFrameworksBuildPhase section */

/* Begin PBXGroup section */
		C76CC62D1DA722FE005436A2 = {
			isa = PBXGroup;
			children = (
				C76CC6381DA722FF005436A2 /* simple-calc */,
				C76CC64D1DA722FF005436A2 /* simple-calcTests */,
				C76CC6581DA722FF005436A2 /* simple-calcUITests */,
				C76CC6371DA722FF005436A2 /* Products */,
			);
			sourceTree = "<group>";
		};
		C76CC6371DA722FF005436A2 /* Products */ = {
			isa = PBXGroup;
			children = (
				C76CC6361DA722FF005436A2 /* simple-calc.app */,
				C76CC64A1DA722FF005436A2 /* simple-calcTests.xctest */,
				C76CC6551DA722FF005436A2 /* simple-calcUITests.xctest */,
			);
			name = Products;
			sourceTree = "<group>";
		};
		C76CC6381DA722FF005436A2 /* simple-calc */ = {
			isa = PBXGroup;
			children = (
				C76CC6391DA722FF005436A2 /* AppDelegate.swift */,
				C76CC63B1DA722FF005436A2 /* ViewController.swift */,
				C76CC63D1DA722FF005436A2 /* Main.storyboard */,
				C76CC6401DA722FF005436A2 /* Assets.xcassets */,
				C76CC6421DA722FF005436A2 /* LaunchScreen.storyboard */,
				C76CC6451DA722FF005436A2 /* Info.plist */,
			);
			path = "simple-calc";
			sourceTree = "<group>";
		};
		C76CC64D1DA722FF005436A2 /* simple-calcTests */ = {
			isa = PBXGroup;
			children = (
				C76CC64E1DA722FF005436A2 /* simple_calcTests.swift */,
				C76CC6501DA722FF005436A2 /* Info.plist */,
			);
			path = "simple-calcTests";
			sourceTree = "<group>";
		};
		C76CC6581DA722FF005436A2 /* simple-calcUITests */ = {
			isa = PBXGroup;
			children = (
				C76CC6591DA722FF005436A2 /* simple_calcUITests.swift */,
				C76CC65B1DA722FF005436A2 /* Info.plist */,
			);
			path = "simple-calcUITests";
			sourceTree = "<group>";
		};
/* End PBXGroup section */

/* Begin PBXNativeTarget section */
		C76CC6351DA722FE005436A2 /* simple-calc */ = {
			isa = PBXNativeTarget;
			buildConfigurationList = C76CC65E1DA722FF005436A2 /* Build configuration list for PBXNativeTarget "simple-calc" */;
			buildPhases = (
				C76CC6321DA722FE005436A2 /* Sources */,
				C76CC6331DA722FE005436A2 /* Frameworks */,
				C76CC6341DA722FE005436A2 /* Resources */,
			);
			buildRules = (
			);
			dependencies = (
			);
			name = "simple-calc";
			productName = "simple-calc";
			productReference = C76CC6361DA722FF005436A2 /* simple-calc.app */;
			productType = "com.apple.product-type.application";
		};
		C76CC6491DA722FF005436A2 /* simple-calcTests */ = {
			isa = PBXNativeTarget;
			buildConfigurationList = C76CC6611DA722FF005436A2 /* Build configuration list for PBXNativeTarget "simple-calcTests" */;
			buildPhases = (
				C76CC6461DA722FF005436A2 /* Sources */,
				C76CC6471DA722FF005436A2 /* Frameworks */,
				C76CC6481DA722FF005436A2 /* Resources */,
			);
			buildRules = (
			);
			dependencies = (
				C76CC64C1DA722FF005436A2 /* PBXTargetDependency */,
			);
			name = "simple-calcTests";
			productName = "simple-calcTests";
			productReference = C76CC64A1DA722FF005436A2 /* simple-calcTests.xctest */;
			productType = "com.apple.product-type.bundle.unit-test";
		};
		C76CC6541DA722FF005436A2 /* simple-calcUITests */ = {
			isa = PBXNativeTarget;
			buildConfigurationList = C76CC6641DA722FF005436A2 /* Build configuration list for PBXNativeTarget "simple-calcUITests" */;
			buildPhases = (
				C76CC6511DA722FF005436A2 /* Sources */,
				C76CC6521DA722FF005436A2 /* Frameworks */,
				C76CC6531DA722FF005436A2 /* Resources */,
			);
			buildRules = (
			);
			dependencies = (
				C76CC6571DA722FF005436A2 /* PBXTargetDependency */,
			);
			name = "simple-calcUITests";
			productName = "simple-calcUITests";
			productReference = C76CC6551DA722FF005436A2 /* simple-calcUITests.xctest */;
			productType = "com.apple.product-type.bundle.ui-testing";
		};
/* End PBXNativeTarget section */

/* Begin PBXProject section */
		C76CC62E1DA722FE005436A2 /* Project object */ = {
			isa = PBXProject;
			attributes = {
				LastSwiftUpdateCheck = 0800;
				LastUpgradeCheck = 0800;
				ORGANIZATIONNAME = "Andrew Kan";
				TargetAttributes = {
					C76CC6351DA722FE005436A2 = {
						CreatedOnToolsVersion = 8.0;
						DevelopmentTeam = 7HA369J7H4;
						ProvisioningStyle = Automatic;
					};
					C76CC6491DA722FF005436A2 = {
						CreatedOnToolsVersion = 8.0;
						DevelopmentTeam = 7HA369J7H4;
						ProvisioningStyle = Automatic;
						TestTargetID = C76CC6351DA722FE005436A2;
					};
					C76CC6541DA722FF005436A2 = {
						CreatedOnToolsVersion = 8.0;
						DevelopmentTeam = 7HA369J7H4;
						ProvisioningStyle = Automatic;
						TestTargetID = C76CC6351DA722FE005436A2;
					};
				};
			};
			buildConfigurationList = C76CC6311DA722FE005436A2 /* Build configuration list for PBXProject "simple-calc" */;
			compatibilityVersion = "Xcode 3.2";
			developmentRegion = English;
			hasScannedForEncodings = 0;
			knownRegions = (
				en,
				Base,
			);
			mainGroup = C76CC62D1DA722FE005436A2;
			productRefGroup = C76CC6371DA722FF005436A2 /* Products */;
			projectDirPath = "";
			projectRoot = "";
			targets = (
				C76CC6351DA722FE005436A2 /* simple-calc */,
				C76CC6491DA722FF005436A2 /* simple-calcTests */,
				C76CC6541DA722FF005436A2 /* simple-calcUITests */,
			);
		};
/* End PBXProject section */

/* Begin PBXResourcesBuildPhase section */
		C76CC6341DA722FE005436A2 /* Resources */ = {
			isa = PBXResourcesBuildPhase;
			buildActionMask = 2147483647;
			files = (
				C76CC6441DA722FF005436A2 /* LaunchScreen.storyboard in Resources */,
				C76CC6411DA722FF005436A2 /* Assets.xcassets in Resources */,
				C76CC63F1DA722FF005436A2 /* Main.storyboard in Resources */,
			);
			runOnlyForDeploymentPostprocessing = 0;
		};
		C76CC6481DA722FF005436A2 /* Resources */ = {
			isa = PBXResourcesBuildPhase;
			buildActionMask = 2147483647;
			files = (
			);
			runOnlyForDeploymentPostprocessing = 0;
		};
		C76CC6531DA722FF005436A2 /* Resources */ = {
			isa = PBXResourcesBuildPhase;
			buildActionMask = 2147483647;
			files = (
			);
			runOnlyForDeploymentPostprocessing = 0;
		};
/* End PBXResourcesBuildPhase section */

/* Begin PBXSourcesBuildPhase section */
		C76CC6321DA722FE005436A2 /* Sources */ = {
			isa = PBXSourcesBuildPhase;
			buildActionMask = 2147483647;
			files = (
				C76CC63C1DA722FF005436A2 /* ViewController.swift in Sources */,
				C76CC63A1DA722FF005436A2 /* AppDelegate.swift in Sources */,
			);
			runOnlyForDeploymentPostprocessing = 0;
		};
		C76CC6461DA722FF005436A2 /* Sources */ = {
			isa = PBXSourcesBuildPhase;
			buildActionMask = 2147483647;
			files = (
				C76CC64F1DA722FF005436A2 /* simple_calcTests.swift in Sources */,
			);
			runOnlyForDeploymentPostprocessing = 0;
		};
		C76CC6511DA722FF005436A2 /* Sources */ = {
			isa = PBXSourcesBuildPhase;
			buildActionMask = 2147483647;
			files = (
				C76CC65A1DA722FF005436A2 /* simple_calcUITests.swift in Sources */,
			);
			runOnlyForDeploymentPostprocessing = 0;
		};
/* End PBXSourcesBuildPhase section */

/* Begin PBXTargetDependency section */
		C76CC64C1DA722FF005436A2 /* PBXTargetDependency */ = {
			isa = PBXTargetDependency;
			target = C76CC6351DA722FE005436A2 /* simple-calc */;
			targetProxy = C76CC64B1DA722FF005436A2 /* PBXContainerItemProxy */;
		};
		C76CC6571DA722FF005436A2 /* PBXTargetDependency */ = {
			isa = PBXTargetDependency;
			target = C76CC6351DA722FE005436A2 /* simple-calc */;
			targetProxy = C76CC6561DA722FF005436A2 /* PBXContainerItemProxy */;
		};
/* End PBXTargetDependency section */

/* Begin PBXVariantGroup section */
		C76CC63D1DA722FF005436A2 /* Main.storyboard */ = {
			isa = PBXVariantGroup;
			children = (
				C76CC63E1DA722FF005436A2 /* Base */,
			);
			name = Main.storyboard;
			sourceTree = "<group>";
		};
		C76CC6421DA722FF005436A2 /* LaunchScreen.storyboard */ = {
			isa = PBXVariantGroup;
			children = (
				C76CC6431DA722FF005436A2 /* Base */,
			);
			name = LaunchScreen.storyboard;
			sourceTree = "<group>";
		};
/* End PBXVariantGroup section */

/* Begin XCBuildConfiguration section */
		C76CC65C1DA722FF005436A2 /* Debug */ = {
			isa = XCBuildConfiguration;
			buildSettings = {
				ALWAYS_SEARCH_USER_PATHS = NO;
				CLANG_ANALYZER_NONNULL = YES;
				CLANG_CXX_LANGUAGE_STANDARD = "gnu++0x";
				CLANG_CXX_LIBRARY = "libc++";
				CLANG_ENABLE_MODULES = YES;
				CLANG_ENABLE_OBJC_ARC = YES;
				CLANG_WARN_BOOL_CONVERSION = YES;
				CLANG_WARN_CONSTANT_CONVERSION = YES;
				CLANG_WARN_DIRECT_OBJC_ISA_USAGE = YES_ERROR;
				CLANG_WARN_DOCUMENTATION_COMMENTS = YES;
				CLANG_WARN_EMPTY_BODY = YES;
				CLANG_WARN_ENUM_CONVERSION = YES;
				CLANG_WARN_INFINITE_RECURSION = YES;
				CLANG_WARN_INT_CONVERSION = YES;
				CLANG_WARN_OBJC_ROOT_CLASS = YES_ERROR;
				CLANG_WARN_SUSPICIOUS_MOVES = YES;
				CLANG_WARN_UNREACHABLE_CODE = YES;
				CLANG_WARN__DUPLICATE_METHOD_MATCH = YES;
				"CODE_SIGN_IDENTITY[sdk=iphoneos*]" = "iPhone Developer";
				COPY_PHASE_STRIP = NO;
				DEBUG_INFORMATION_FORMAT = dwarf;
				ENABLE_STRICT_OBJC_MSGSEND = YES;
				ENABLE_TESTABILITY = YES;
				GCC_C_LANGUAGE_STANDARD = gnu99;
				GCC_DYNAMIC_NO_PIC = NO;
				GCC_NO_COMMON_BLOCKS = YES;
				GCC_OPTIMIZATION_LEVEL = 0;
				GCC_PREPROCESSOR_DEFINITIONS = (
					"DEBUG=1",
					"$(inherited)",
				);
				GCC_WARN_64_TO_32_BIT_CONVERSION = YES;
				GCC_WARN_ABOUT_RETURN_TYPE = YES_ERROR;
				GCC_WARN_UNDECLARED_SELECTOR = YES;
				GCC_WARN_UNINITIALIZED_AUTOS = YES_AGGRESSIVE;
				GCC_WARN_UNUSED_FUNCTION = YES;
				GCC_WARN_UNUSED_VARIABLE = YES;
				IPHONEOS_DEPLOYMENT_TARGET = 10.0;
				MTL_ENABLE_DEBUG_INFO = YES;
				ONLY_ACTIVE_ARCH = YES;
				SDKROOT = iphoneos;
				SWIFT_ACTIVE_COMPILATION_CONDITIONS = DEBUG;
				SWIFT_OPTIMIZATION_LEVEL = "-Onone";
				TARGETED_DEVICE_FAMILY = "1,2";
			};
			name = Debug;
		};
		C76CC65D1DA722FF005436A2 /* Release */ = {
			isa = XCBuildConfiguration;
			buildSettings = {
				ALWAYS_SEARCH_USER_PATHS = NO;
				CLANG_ANALYZER_NONNULL = YES;
				CLANG_CXX_LANGUAGE_STANDARD = "gnu++0x";
				CLANG_CXX_LIBRARY = "libc++";
				CLANG_ENABLE_MODULES = YES;
				CLANG_ENABLE_OBJC_ARC = YES;
				CLANG_WARN_BOOL_CONVERSION = YES;
				CLANG_WARN_CONSTANT_CONVERSION = YES;
				CLANG_WARN_DIRECT_OBJC_ISA_USAGE = YES_ERROR;
				CLANG_WARN_DOCUMENTATION_COMMENTS = YES;
				CLANG_WARN_EMPTY_BODY = YES;
				CLANG_WARN_ENUM_CONVERSION = YES;
				CLANG_WARN_INFINITE_RECURSION = YES;
				CLANG_WARN_INT_CONVERSION = YES;
				CLANG_WARN_OBJC_ROOT_CLASS = YES_ERROR;
				CLANG_WARN_SUSPICIOUS_MOVES = YES;
				CLANG_WARN_UNREACHABLE_CODE = YES;
				CLANG_WARN__DUPLICATE_METHOD_MATCH = YES;
				"CODE_SIGN_IDENTITY[sdk=iphoneos*]" = "iPhone Developer";
				COPY_PHASE_STRIP = NO;
				DEBUG_INFORMATION_FORMAT = "dwarf-with-dsym";
				ENABLE_NS_ASSERTIONS = NO;
				ENABLE_STRICT_OBJC_MSGSEND = YES;
				GCC_C_LANGUAGE_STANDARD = gnu99;
				GCC_NO_COMMON_BLOCKS = YES;
				GCC_WARN_64_TO_32_BIT_CONVERSION = YES;
				GCC_WARN_ABOUT_RETURN_TYPE = YES_ERROR;
				GCC_WARN_UNDECLARED_SELECTOR = YES;
				GCC_WARN_UNINITIALIZED_AUTOS = YES_AGGRESSIVE;
				GCC_WARN_UNUSED_FUNCTION = YES;
				GCC_WARN_UNUSED_VARIABLE = YES;
				IPHONEOS_DEPLOYMENT_TARGET = 10.0;
				MTL_ENABLE_DEBUG_INFO = NO;
				SDKROOT = iphoneos;
				SWIFT_OPTIMIZATION_LEVEL = "-Owholemodule";
				TARGETED_DEVICE_FAMILY = "1,2";
				VALIDATE_PRODUCT = YES;
			};
			name = Release;
		};
		C76CC65F1DA722FF005436A2 /* Debug */ = {
			isa = XCBuildConfiguration;
			buildSettings = {
				ASSETCATALOG_COMPILER_APPICON_NAME = AppIcon;
				DEVELOPMENT_TEAM = 7HA369J7H4;
				INFOPLIST_FILE = "simple-calc/Info.plist";
				LD_RUNPATH_SEARCH_PATHS = "$(inherited) @executable_path/Frameworks";
				PRODUCT_BUNDLE_IDENTIFIER = "andrewkan.simple-calc";
				PRODUCT_NAME = "$(TARGET_NAME)";
				SWIFT_VERSION = 3.0;
			};
			name = Debug;
		};
		C76CC6601DA722FF005436A2 /* Release */ = {
			isa = XCBuildConfiguration;
			buildSettings = {
				ASSETCATALOG_COMPILER_APPICON_NAME = AppIcon;
				DEVELOPMENT_TEAM = 7HA369J7H4;
				INFOPLIST_FILE = "simple-calc/Info.plist";
				LD_RUNPATH_SEARCH_PATHS = "$(inherited) @executable_path/Frameworks";
				PRODUCT_BUNDLE_IDENTIFIER = "andrewkan.simple-calc";
				PRODUCT_NAME = "$(TARGET_NAME)";
				SWIFT_VERSION = 3.0;
			};
			name = Release;
		};
		C76CC6621DA722FF005436A2 /* Debug */ = {
			isa = XCBuildConfiguration;
			buildSettings = {
				ALWAYS_EMBED_SWIFT_STANDARD_LIBRARIES = YES;
				BUNDLE_LOADER = "$(TEST_HOST)";
				DEVELOPMENT_TEAM = 7HA369J7H4;
				INFOPLIST_FILE = "simple-calcTests/Info.plist";
				LD_RUNPATH_SEARCH_PATHS = "$(inherited) @executable_path/Frameworks @loader_path/Frameworks";
				PRODUCT_BUNDLE_IDENTIFIER = "andrewkan.simple-calcTests";
				PRODUCT_NAME = "$(TARGET_NAME)";
				SWIFT_VERSION = 3.0;
				TEST_HOST = "$(BUILT_PRODUCTS_DIR)/simple-calc.app/simple-calc";
			};
			name = Debug;
		};
		C76CC6631DA722FF005436A2 /* Release */ = {
			isa = XCBuildConfiguration;
			buildSettings = {
				ALWAYS_EMBED_SWIFT_STANDARD_LIBRARIES = YES;
				BUNDLE_LOADER = "$(TEST_HOST)";
				DEVELOPMENT_TEAM = 7HA369J7H4;
				INFOPLIST_FILE = "simple-calcTests/Info.plist";
				LD_RUNPATH_SEARCH_PATHS = "$(inherited) @executable_path/Frameworks @loader_path/Frameworks";
				PRODUCT_BUNDLE_IDENTIFIER = "andrewkan.simple-calcTests";
				PRODUCT_NAME = "$(TARGET_NAME)";
				SWIFT_VERSION = 3.0;
				TEST_HOST = "$(BUILT_PRODUCTS_DIR)/simple-calc.app/simple-calc";
			};
			name = Release;
		};
		C76CC6651DA722FF005436A2 /* Debug */ = {
			isa = XCBuildConfiguration;
			buildSettings = {
				ALWAYS_EMBED_SWIFT_STANDARD_LIBRARIES = YES;
				DEVELOPMENT_TEAM = 7HA369J7H4;
				INFOPLIST_FILE = "simple-calcUITests/Info.plist";
				LD_RUNPATH_SEARCH_PATHS = "$(inherited) @executable_path/Frameworks @loader_path/Frameworks";
				PRODUCT_BUNDLE_IDENTIFIER = "andrewkan.simple-calcUITests";
				PRODUCT_NAME = "$(TARGET_NAME)";
				SWIFT_VERSION = 3.0;
				TEST_TARGET_NAME = "simple-calc";
			};
			name = Debug;
		};
		C76CC6661DA722FF005436A2 /* Release */ = {
			isa = XCBuildConfiguration;
			buildSettings = {
				ALWAYS_EMBED_SWIFT_STANDARD_LIBRARIES = YES;
				DEVELOPMENT_TEAM = 7HA369J7H4;
				INFOPLIST_FILE = "simple-calcUITests/Info.plist";
				LD_RUNPATH_SEARCH_PATHS = "$(inherited) @executable_path/Frameworks @loader_path/Frameworks";
				PRODUCT_BUNDLE_IDENTIFIER = "andrewkan.simple-calcUITests";
				PRODUCT_NAME = "$(TARGET_NAME)";
				SWIFT_VERSION = 3.0;
				TEST_TARGET_NAME = "simple-calc";
			};
			name = Release;
		};
/* End XCBuildConfiguration section */

/* Begin XCConfigurationList section */
		C76CC6311DA722FE005436A2 /* Build configuration list for PBXProject "simple-calc" */ = {
			isa = XCConfigurationList;
			buildConfigurations = (
				C76CC65C1DA722FF005436A2 /* Debug */,
				C76CC65D1DA722FF005436A2 /* Release */,
			);
			defaultConfigurationIsVisible = 0;
			defaultConfigurationName = Release;
		};
		C76CC65E1DA722FF005436A2 /* Build configuration list for PBXNativeTarget "simple-calc" */ = {
			isa = XCConfigurationList;
			buildConfigurations = (
				C76CC65F1DA722FF005436A2 /* Debug */,
				C76CC6601DA722FF005436A2 /* Release */,
			);
			defaultConfigurationIsVisible = 0;
		};
		C76CC6611DA722FF005436A2 /* Build configuration list for PBXNativeTarget "simple-calcTests" */ = {
			isa = XCConfigurationList;
			buildConfigurations = (
				C76CC6621DA722FF005436A2 /* Debug */,
				C76CC6631DA722FF005436A2 /* Release */,
			);
			defaultConfigurationIsVisible = 0;
		};
		C76CC6641DA722FF005436A2 /* Build configuration list for PBXNativeTarget "simple-calcUITests" */ = {
			isa = XCConfigurationList;
			buildConfigurations = (
				C76CC6651DA722FF005436A2 /* Debug */,
				C76CC6661DA722FF005436A2 /* Release */,
			);
			defaultConfigurationIsVisible = 0;
		};
/* End XCConfigurationList section */
	};
	rootObject = C76CC62E1DA722FE005436A2 /* Project object */;
}
